
Microsoft Visual Studio Solution File, Format Version 12.00
# Visual Studio 15
VisualStudioVersion = 15.0.28307.271
MinimumVisualStudioVersion = 10.0.40219.1
Project("{8BC9CEB8-8B4A-11D0-8D11-00A0C91BC942}") = "BJ1260_DFSandBFS", "BJ1260_DFSandBFS\BJ1260_DFSandBFS.vcxproj", "{6F110190-234F-4383-A9C2-058E2654A64C}"
EndProject
Project("{8BC9CEB8-8B4A-11D0-8D11-00A0C91BC942}") = "BJ2178_MazeSearch", "BJ2178_MazeSearch\BJ2178_MazeSearch.vcxproj", "{9C5F96A4-DE56-4678-B3AC-0B823CC1E1F5}"
EndProject
Project("{8BC9CEB8-8B4A-11D0-8D11-00A0C91BC942}") = "BJ2667_HouseGrouping", "BJ2667_HouseGrouping\BJ2667_HouseGrouping.vcxproj", "{C96FD16F-F3ED-4AD6-ABEF-E54E5D7326C6}"
EndProject
Project("{8BC9CEB8-8B4A-11D0-8D11-00A0C91BC942}") = "BJ11403_PathFinding", "BJ11403_PathFinding\BJ11403_PathFinding.vcxproj", "{5A384909-89D8-463D-B663-46D11215D5C0}"
EndProject
Project("{8BC9CEB8-8B4A-11D0-8D11-00A0C91BC942}") = "BJ11734_ConnectedComponent", "BJ11734_ConnectedComponent\BJ11734_ConnectedComponent.vcxproj", "{5EDD8523-0938-4545-AC3B-453473FA6F36}"
EndProject
Project("{8BC9CEB8-8B4A-11D0-8D11-00A0C91BC942}") = "BJ2583_AreaSearch", "BJ2583_AreaSearch\BJ2583_AreaSearch.vcxproj", "{C165E1C4-00B2-495F-B538-CB5AA7A2838F}"
EndProject
Project("{8BC9CEB8-8B4A-11D0-8D11-00A0C91BC942}") = "BJ1707_BipartiteGraph", "BJ1707_BipartiteGraph\BJ1707_BipartiteGraph.vcxproj", "{8BB26456-2D9E-48FA-A2E6-7DFC3CC51453}"
EndProject
Global
	GlobalSection(SolutionConfigurationPlatforms) = preSolution
		Debug|x64 = Debug|x64
		Debug|x86 = Debug|x86
		Release|x64 = Release|x64
		Release|x86 = Release|x86
	EndGlobalSection
	GlobalSection(ProjectConfigurationPlatforms) = postSolution
		{6F110190-234F-4383-A9C2-058E2654A64C}.Debug|x64.ActiveCfg = Debug|x64
		{6F110190-234F-4383-A9C2-058E2654A64C}.Debug|x64.Build.0 = Debug|x64
		{6F110190-234F-4383-A9C2-058E2654A64C}.Debug|x86.ActiveCfg = Debug|Win32
		{6F110190-234F-4383-A9C2-058E2654A64C}.Debug|x86.Build.0 = Debug|Win32
		{6F110190-234F-4383-A9C2-058E2654A64C}.Release|x64.ActiveCfg = Release|x64
		{6F110190-234F-4383-A9C2-058E2654A64C}.Release|x64.Build.0 = Release|x64
		{6F110190-234F-4383-A9C2-058E2654A64C}.Release|x86.ActiveCfg = Release|Win32
		{6F110190-234F-4383-A9C2-058E2654A64C}.Release|x86.Build.0 = Release|Win32
		{9C5F96A4-DE56-4678-B3AC-0B823CC1E1F5}.Debug|x64.ActiveCfg = Debug|x64
		{9C5F96A4-DE56-4678-B3AC-0B823CC1E1F5}.Debug|x64.Build.0 = Debug|x64
		{9C5F96A4-DE56-4678-B3AC-0B823CC1E1F5}.Debug|x86.ActiveCfg = Debug|Win32
		{9C5F96A4-DE56-4678-B3AC-0B823CC1E1F5}.Debug|x86.Build.0 = Debug|Win32
		{9C5F96A4-DE56-4678-B3AC-0B823CC1E1F5}.Release|x64.ActiveCfg = Release|x64
		{9C5F96A4-DE56-4678-B3AC-0B823CC1E1F5}.Release|x64.Build.0 = Release|x64
		{9C5F96A4-DE56-4678-B3AC-0B823CC1E1F5}.Release|x86.ActiveCfg = Release|Win32
		{9C5F96A4-DE56-4678-B3AC-0B823CC1E1F5}.Release|x86.Build.0 = Release|Win32
		{C96FD16F-F3ED-4AD6-ABEF-E54E5D7326C6}.Debug|x64.ActiveCfg = Debug|x64
		{C96FD16F-F3ED-4AD6-ABEF-E54E5D7326C6}.Debug|x64.Build.0 = Debug|x64
		{C96FD16F-F3ED-4AD6-ABEF-E54E5D7326C6}.Debug|x86.ActiveCfg = Debug|Win32
		{C96FD16F-F3ED-4AD6-ABEF-E54E5D7326C6}.Debug|x86.Build.0 = Debug|Win32
		{C96FD16F-F3ED-4AD6-ABEF-E54E5D7326C6}.Release|x64.ActiveCfg = Release|x64
		{C96FD16F-F3ED-4AD6-ABEF-E54E5D7326C6}.Release|x64.Build.0 = Release|x64
		{C96FD16F-F3ED-4AD6-ABEF-E54E5D7326C6}.Release|x86.ActiveCfg = Release|Win32
		{C96FD16F-F3ED-4AD6-ABEF-E54E5D7326C6}.Release|x86.Build.0 = Release|Win32
		{5A384909-89D8-463D-B663-46D11215D5C0}.Debug|x64.ActiveCfg = Debug|x64
		{5A384909-89D8-463D-B663-46D11215D5C0}.Debug|x64.Build.0 = Debug|x64
		{5A384909-89D8-463D-B663-46D11215D5C0}.Debug|x86.ActiveCfg = Debug|Win32
		{5A384909-89D8-463D-B663-46D11215D5C0}.Debug|x86.Build.0 = Debug|Win32
		{5A384909-89D8-463D-B663-46D11215D5C0}.Release|x64.ActiveCfg = Release|x64
		{5A384909-89D8-463D-B663-46D11215D5C0}.Release|x64.Build.0 = Release|x64
		{5A384909-89D8-463D-B663-46D11215D5C0}.Release|x86.ActiveCfg = Release|Win32
		{5A384909-89D8-463D-B663-46D11215D5C0}.Release|x86.Build.0 = Release|Win32
		{5EDD8523-0938-4545-AC3B-453473FA6F36}.Debug|x64.ActiveCfg = Debug|x64
		{5EDD8523-0938-4545-AC3B-453473FA6F36}.Debug|x64.Build.0 = Debug|x64
		{5EDD8523-0938-4545-AC3B-453473FA6F36}.Debug|x86.ActiveCfg = Debug|Win32
		{5EDD8523-0938-4545-AC3B-453473FA6F36}.Debug|x86.Build.0 = Debug|Win32
		{5EDD8523-0938-4545-AC3B-453473FA6F36}.Release|x64.ActiveCfg = Release|x64
		{5EDD8523-0938-4545-AC3B-453473FA6F36}.Release|x64.Build.0 = Release|x64
		{5EDD8523-0938-4545-AC3B-453473FA6F36}.Release|x86.ActiveCfg = Release|Win32
		{5EDD8523-0938-4545-AC3B-453473FA6F36}.Release|x86.Build.0 = Release|Win32
		{C165E1C4-00B2-495F-B538-CB5AA7A2838F}.Debug|x64.ActiveCfg = Debug|x64
		{C165E1C4-00B2-495F-B538-CB5AA7A2838F}.Debug|x64.Build.0 = Debug|x64
		{C165E1C4-00B2-495F-B538-CB5AA7A2838F}.Debug|x86.ActiveCfg = Debug|Win32
		{C165E1C4-00B2-495F-B538-CB5AA7A2838F}.Debug|x86.Build.0 = Debug|Win32
		{C165E1C4-00B2-495F-B538-CB5AA7A2838F}.Release|x64.ActiveCfg = Release|x64
		{C165E1C4-00B2-495F-B538-CB5AA7A2838F}.Release|x64.Build.0 = Release|x64
		{C165E1C4-00B2-495F-B538-CB5AA7A2838F}.Release|x86.ActiveCfg = Release|Win32
		{C165E1C4-00B2-495F-B538-CB5AA7A2838F}.Release|x86.Build.0 = Release|Win32
		{8BB26456-2D9E-48FA-A2E6-7DFC3CC51453}.Debug|x64.ActiveCfg = Debug|x64
		{8BB26456-2D9E-48FA-A2E6-7DFC3CC51453}.Debug|x64.Build.0 = Debug|x64
		{8BB26456-2D9E-48FA-A2E6-7DFC3CC51453}.Debug|x86.ActiveCfg = Debug|Win32
		{8BB26456-2D9E-48FA-A2E6-7DFC3CC51453}.Debug|x86.Build.0 = Debug|Win32
		{8BB26456-2D9E-48FA-A2E6-7DFC3CC51453}.Release|x64.ActiveCfg = Release|x64
		{8BB26456-2D9E-48FA-A2E6-7DFC3CC51453}.Release|x64.Build.0 = Release|x64
		{8BB26456-2D9E-48FA-A2E6-7DFC3CC51453}.Release|x86.ActiveCfg = Release|Win32
		{8BB26456-2D9E-48FA-A2E6-7DFC3CC51453}.Release|x86.Build.0 = Release|Win32
	EndGlobalSection
	GlobalSection(SolutionProperties) = preSolution
		HideSolutionNode = FALSE
	EndGlobalSection
	GlobalSection(ExtensibilityGlobals) = postSolution
		SolutionGuid = {9431F24F-8C47-4C1B-8471-E416E6462C25}
	EndGlobalSection
EndGlobal
