
Microsoft Visual Studio Solution File, Format Version 12.00
# Visual Studio 15
VisualStudioVersion = 15.0.28307.271
MinimumVisualStudioVersion = 10.0.40219.1
Project("{8BC9CEB8-8B4A-11D0-8D11-00A0C91BC942}") = "BJ1260_DFSandBFS", "BJ1260_DFSandBFS\BJ1260_DFSandBFS.vcxproj", "{6F110190-234F-4383-A9C2-058E2654A64C}"
EndProject
Project("{8BC9CEB8-8B4A-11D0-8D11-00A0C91BC942}") = "BJ2178_MazeSearch", "BJ2178_MazeSearch\BJ2178_MazeSearch.vcxproj", "{9C5F96A4-DE56-4678-B3AC-0B823CC1E1F5}"
EndProject
Project("{8BC9CEB8-8B4A-11D0-8D11-00A0C91BC942}") = "BJ2667_HouseGrouping", "BJ2667_HouseGrouping\BJ2667_HouseGrouping.vcxproj", "{C96FD16F-F3ED-4AD6-ABEF-E54E5D7326C6}"
EndProject
Project("{8BC9CEB8-8B4A-11D0-8D11-00A0C91BC942}") = "BJ11403_PathFinding", "BJ11403_PathFinding\BJ11403_PathFinding.vcxproj", "{5A384909-89D8-463D-B663-46D11215D5C0}"
EndProject
Project("{8BC9CEB8-8B4A-11D0-8D11-00A0C91BC942}") = "BJ11724_ConnectedComponent", "BJ11734_ConnectedComponent\BJ11734_ConnectedComponent.vcxproj", "{5EDD8523-0938-4545-AC3B-453473FA6F36}"
EndProject
Project("{8BC9CEB8-8B4A-11D0-8D11-00A0C91BC942}") = "BJ2583_AreaSearch", "BJ2583_AreaSearch\BJ2583_AreaSearch.vcxproj", "{C165E1C4-00B2-495F-B538-CB5AA7A2838F}"
EndProject
Project("{8BC9CEB8-8B4A-11D0-8D11-00A0C91BC942}") = "BJ1707_BipartiteGraph", "BJ1707_BipartiteGraph\BJ1707_BipartiteGraph.vcxproj", "{8BB26456-2D9E-48FA-A2E6-7DFC3CC51453}"
EndProject
Project("{8BC9CEB8-8B4A-11D0-8D11-00A0C91BC942}") = "BJ5022_ConnectLine", "BJ5022_ConnectLine\BJ5022_ConnectLine.vcxproj", "{6F05FCED-EFB9-4B3B-8312-DB9E80474B9C}"
EndProject
Project("{8BC9CEB8-8B4A-11D0-8D11-00A0C91BC942}") = "BJ14891_Gear", "BJ14891_Gear\BJ14891_Gear.vcxproj", "{150185AB-74D1-465D-9DB2-8E56756FC53E}"
EndProject
Project("{8BC9CEB8-8B4A-11D0-8D11-00A0C91BC942}") = "BJ2174_RobotSimulation", "BJ2174_RobotSimulation\BJ2174_RobotSimulation.vcxproj", "{3423B295-F69B-4A5D-9D2D-4E9555C239D9}"
EndProject
Project("{8BC9CEB8-8B4A-11D0-8D11-00A0C91BC942}") = "SWEA4012_Cooker", "SWEA4012_Cooker\SWEA4012_Cooker.vcxproj", "{6FA91C50-EEBE-4109-B389-B6979274AA80}"
EndProject
Project("{8BC9CEB8-8B4A-11D0-8D11-00A0C91BC942}") = "BJ2668_SelectNumbers", "BJ2668_SelectNumbers\BJ2668_SelectNumbers.vcxproj", "{FF3F3E49-9A1E-4C78-B57F-405BE481F6EF}"
EndProject
Project("{8BC9CEB8-8B4A-11D0-8D11-00A0C91BC942}") = "BJ2468_SafeArea", "BJ2468_SafeArea\BJ2468_SafeArea.vcxproj", "{CDC015AD-9094-4408-9BAE-27B66F9439B5}"
EndProject
Project("{8BC9CEB8-8B4A-11D0-8D11-00A0C91BC942}") = "BJ1405_CrazyRobot", "BJ1405_CrazyRobot\BJ1405_CrazyRobot.vcxproj", "{8D00C44D-9DC4-4E59-B2CF-1DFE1063F9D1}"
EndProject
Project("{8BC9CEB8-8B4A-11D0-8D11-00A0C91BC942}") = "SWEA1949_TrackingCourse", "SWEA1949_TrackingCourse\SWEA1949_TrackingCourse.vcxproj", "{081B4DC3-10DE-48F5-A049-7DA6CA2AED57}"
EndProject
Project("{8BC9CEB8-8B4A-11D0-8D11-00A0C91BC942}") = "SWEA5653_StemCell", "SWEA5653_StemCell\SWEA5653_StemCell.vcxproj", "{E70ED908-12F7-4FD0-8C54-9CD5088E16B6}"
EndProject
Project("{8BC9CEB8-8B4A-11D0-8D11-00A0C91BC942}") = "SWEA2112_ProtectionFilm", "SWEA2112_ProtectionFilm\SWEA2112_ProtectionFilm.vcxproj", "{C31886AC-7AD2-4F2D-B040-4BB2C94E216F}"
EndProject
Project("{8BC9CEB8-8B4A-11D0-8D11-00A0C91BC942}") = "SWEA2105_DessertCafe", "SWEA2105_DessertCafe\SWEA2105_DessertCafe.vcxproj", "{AB147CE4-5FD6-4DF2-8163-896C6912C83F}"
EndProject
Project("{8BC9CEB8-8B4A-11D0-8D11-00A0C91BC942}") = "SWEA1953_ArrestPrisoner", "SWEA1953_ArrestPrisoner\SWEA1953_ArrestPrisoner.vcxproj", "{B23FA6FD-FA58-4B7D-9D89-1705686936AE}"
EndProject
Project("{8BC9CEB8-8B4A-11D0-8D11-00A0C91BC942}") = "SWEA2383_LunchTime", "SWEA2383_LunchTime\SWEA2383_LunchTime.vcxproj", "{C291F50F-6FB6-4365-B584-6959AD4578CA}"
EndProject
Project("{8BC9CEB8-8B4A-11D0-8D11-00A0C91BC942}") = "SWEA2115_HarvestHoney", "SWEA2115_HarvestHoney\SWEA2115_HarvestHoney.vcxproj", "{1F7BE6A9-DB08-4298-9DB8-AD7736919F90}"
EndProject
Project("{8BC9CEB8-8B4A-11D0-8D11-00A0C91BC942}") = "SWEA2382_MicrobeIsolation", "SWEA2382_MicrobeIsolation\SWEA2382_MicrobeIsolation.vcxproj", "{AA789F95-3CC8-4EDD-903B-571E9A04565B}"
EndProject
Project("{8BC9CEB8-8B4A-11D0-8D11-00A0C91BC942}") = "BJ16948_DeathKNight", "BJ16948_DeathKNight\BJ16948_DeathKNight.vcxproj", "{CB5FAB20-C4AF-4D54-9378-1F25F1C3BC3B}"
EndProject
Project("{8BC9CEB8-8B4A-11D0-8D11-00A0C91BC942}") = "BJ16943_NumberRelocation", "BJ16943_NumberRelocation\BJ16943_NumberRelocation.vcxproj", "{658B7ED8-C11D-4E65-B3DE-1B1205871CFB}"
EndProject
Project("{8BC9CEB8-8B4A-11D0-8D11-00A0C91BC942}") = "BJ16953_AtoB", "BJ16953_AtoB\BJ16953_AtoB.vcxproj", "{C71B4836-0D58-46EA-BD89-04721544190F}"
EndProject
Project("{8BC9CEB8-8B4A-11D0-8D11-00A0C91BC942}") = "BJ16954_MovingMaze", "BJ16954_MovingMaze\BJ16954_MovingMaze.vcxproj", "{9BF41006-32D6-414C-AEA0-E7D6A95ECADC}"
EndProject
Project("{8BC9CEB8-8B4A-11D0-8D11-00A0C91BC942}") = "BJ16987_Egg", "BJ16987_Egg\BJ16987_Egg.vcxproj", "{3B7280A7-4170-4980-9DC5-214320ABF0AE}"
EndProject
Project("{8BC9CEB8-8B4A-11D0-8D11-00A0C91BC942}") = "BJ17070_PipeTransfer", "BJ17070_PipeTransfer\BJ17070_PipeTransfer.vcxproj", "{2DF6D0E6-B8EB-43CA-A458-195C5A012F1E}"
EndProject
Project("{8BC9CEB8-8B4A-11D0-8D11-00A0C91BC942}") = "BJ16986_InsideRCP", "BJ16986_InsideRCP\BJ16986_InsideRCP.vcxproj", "{82DBFCE3-5FEE-43C7-B043-36412B0DC551}"
EndProject
Project("{8BC9CEB8-8B4A-11D0-8D11-00A0C91BC942}") = "BJ16985_Maaaaaaaaaze", "BJ16985_Maaaaaaaaaze\BJ16985_Maaaaaaaaaze.vcxproj", "{46FF136C-3B0A-404E-84F8-9F8409A85840}"
EndProject
Project("{8BC9CEB8-8B4A-11D0-8D11-00A0C91BC942}") = "BJ15683_CCTV", "BJ15683_CCTV\BJ15683_CCTV.vcxproj", "{87D70937-DB79-410A-A064-352005409C1E}"
EndProject
Project("{8BC9CEB8-8B4A-11D0-8D11-00A0C91BC942}") = "SWEA1767_ProcessorConnect", "SWEA1767_ProcessorConnect\SWEA1767_ProcessorConnect.vcxproj", "{91921B4D-0BAB-40E4-B111-24A240ED24D9}"
EndProject
Project("{8BC9CEB8-8B4A-11D0-8D11-00A0C91BC942}") = "BJ15684_LadderTrick", "BJ15684_LadderTrick\BJ15684_LadderTrick.vcxproj", "{6FA96535-C950-42E0-ACB4-6339E3DE4923}"
EndProject
Project("{8BC9CEB8-8B4A-11D0-8D11-00A0C91BC942}") = "BJ15685_DragonCurve", "BJ15685_DragonCurve\BJ15685_DragonCurve.vcxproj", "{104B3023-DF79-4BD9-A3C6-32EFDF7F0F7A}"
EndProject
Project("{8BC9CEB8-8B4A-11D0-8D11-00A0C91BC942}") = "BJ15686_ChickenDelivery", "BJ15686_ChickenDelivery\BJ15686_ChickenDelivery.vcxproj", "{918E2C36-F8FC-48C9-98B8-FC9F66895A4B}"
EndProject
Project("{8BC9CEB8-8B4A-11D0-8D11-00A0C91BC942}") = "BJ16234_PopulationMovement", "BJ16234_PopulationMovement\BJ16234_PopulationMovement.vcxproj", "{A6C3E619-A4BC-4B01-9B9B-109545C35D1A}"
EndProject
Project("{8BC9CEB8-8B4A-11D0-8D11-00A0C91BC942}") = "BJ16235_TreeFinance", "BJ16235_TreeFinance\BJ16235_TreeFinance.vcxproj", "{4C56EA8F-6C0E-4CD4-8E79-BFDE39973D53}"
EndProject
Project("{8BC9CEB8-8B4A-11D0-8D11-00A0C91BC942}") = "BJ16236_BabyShark", "BJ16236_BabyShark\BJ16236_BabyShark.vcxproj", "{C40430B5-5437-4C2D-B2D7-9640564911F9}"
EndProject
Project("{8BC9CEB8-8B4A-11D0-8D11-00A0C91BC942}") = "BJ16933_BreakWallsAndMove3", "BJ16933_BreakWallsAndMove3\BJ16933_BreakWallsAndMove3.vcxproj", "{97C41683-8FF0-4D4C-9EEA-5BC13BE2AB91}"
EndProject
Project("{8BC9CEB8-8B4A-11D0-8D11-00A0C91BC942}") = "BJ2206_BreakWallsAndMove", "BJ2206_BreakWallsAndMove\BJ2206_BreakWallsAndMove.vcxproj", "{46DA3AFB-5B98-4239-934E-8B60F3C834B2}"
EndProject
Project("{8BC9CEB8-8B4A-11D0-8D11-00A0C91BC942}") = "BJ14442_BreakWallsAndMove2", "BJ14442_BreakWallsAndMove2\BJ14442_BreakWallsAndMove2.vcxproj", "{C745CED6-F6FC-4375-B414-D4FE8B9DE8C6}"
EndProject
Project("{8BC9CEB8-8B4A-11D0-8D11-00A0C91BC942}") = "BJ16946_BreakWallsAndMove4", "BJ16946_BreakWallsAndMove4\BJ16946_BreakWallsAndMove4.vcxproj", "{14A9BC50-9EB2-4B72-B868-7B471CDB9CFE}"
EndProject
Global
	GlobalSection(SolutionConfigurationPlatforms) = preSolution
		Debug|x64 = Debug|x64
		Debug|x86 = Debug|x86
		Release|x64 = Release|x64
		Release|x86 = Release|x86
	EndGlobalSection
	GlobalSection(ProjectConfigurationPlatforms) = postSolution
		{6F110190-234F-4383-A9C2-058E2654A64C}.Debug|x64.ActiveCfg = Debug|x64
		{6F110190-234F-4383-A9C2-058E2654A64C}.Debug|x64.Build.0 = Debug|x64
		{6F110190-234F-4383-A9C2-058E2654A64C}.Debug|x86.ActiveCfg = Debug|Win32
		{6F110190-234F-4383-A9C2-058E2654A64C}.Debug|x86.Build.0 = Debug|Win32
		{6F110190-234F-4383-A9C2-058E2654A64C}.Release|x64.ActiveCfg = Release|x64
		{6F110190-234F-4383-A9C2-058E2654A64C}.Release|x64.Build.0 = Release|x64
		{6F110190-234F-4383-A9C2-058E2654A64C}.Release|x86.ActiveCfg = Release|Win32
		{6F110190-234F-4383-A9C2-058E2654A64C}.Release|x86.Build.0 = Release|Win32
		{9C5F96A4-DE56-4678-B3AC-0B823CC1E1F5}.Debug|x64.ActiveCfg = Debug|x64
		{9C5F96A4-DE56-4678-B3AC-0B823CC1E1F5}.Debug|x64.Build.0 = Debug|x64
		{9C5F96A4-DE56-4678-B3AC-0B823CC1E1F5}.Debug|x86.ActiveCfg = Debug|Win32
		{9C5F96A4-DE56-4678-B3AC-0B823CC1E1F5}.Debug|x86.Build.0 = Debug|Win32
		{9C5F96A4-DE56-4678-B3AC-0B823CC1E1F5}.Release|x64.ActiveCfg = Release|x64
		{9C5F96A4-DE56-4678-B3AC-0B823CC1E1F5}.Release|x64.Build.0 = Release|x64
		{9C5F96A4-DE56-4678-B3AC-0B823CC1E1F5}.Release|x86.ActiveCfg = Release|Win32
		{9C5F96A4-DE56-4678-B3AC-0B823CC1E1F5}.Release|x86.Build.0 = Release|Win32
		{C96FD16F-F3ED-4AD6-ABEF-E54E5D7326C6}.Debug|x64.ActiveCfg = Debug|x64
		{C96FD16F-F3ED-4AD6-ABEF-E54E5D7326C6}.Debug|x64.Build.0 = Debug|x64
		{C96FD16F-F3ED-4AD6-ABEF-E54E5D7326C6}.Debug|x86.ActiveCfg = Debug|Win32
		{C96FD16F-F3ED-4AD6-ABEF-E54E5D7326C6}.Debug|x86.Build.0 = Debug|Win32
		{C96FD16F-F3ED-4AD6-ABEF-E54E5D7326C6}.Release|x64.ActiveCfg = Release|x64
		{C96FD16F-F3ED-4AD6-ABEF-E54E5D7326C6}.Release|x64.Build.0 = Release|x64
		{C96FD16F-F3ED-4AD6-ABEF-E54E5D7326C6}.Release|x86.ActiveCfg = Release|Win32
		{C96FD16F-F3ED-4AD6-ABEF-E54E5D7326C6}.Release|x86.Build.0 = Release|Win32
		{5A384909-89D8-463D-B663-46D11215D5C0}.Debug|x64.ActiveCfg = Debug|x64
		{5A384909-89D8-463D-B663-46D11215D5C0}.Debug|x64.Build.0 = Debug|x64
		{5A384909-89D8-463D-B663-46D11215D5C0}.Debug|x86.ActiveCfg = Debug|Win32
		{5A384909-89D8-463D-B663-46D11215D5C0}.Debug|x86.Build.0 = Debug|Win32
		{5A384909-89D8-463D-B663-46D11215D5C0}.Release|x64.ActiveCfg = Release|x64
		{5A384909-89D8-463D-B663-46D11215D5C0}.Release|x64.Build.0 = Release|x64
		{5A384909-89D8-463D-B663-46D11215D5C0}.Release|x86.ActiveCfg = Release|Win32
		{5A384909-89D8-463D-B663-46D11215D5C0}.Release|x86.Build.0 = Release|Win32
		{5EDD8523-0938-4545-AC3B-453473FA6F36}.Debug|x64.ActiveCfg = Debug|x64
		{5EDD8523-0938-4545-AC3B-453473FA6F36}.Debug|x64.Build.0 = Debug|x64
		{5EDD8523-0938-4545-AC3B-453473FA6F36}.Debug|x86.ActiveCfg = Debug|Win32
		{5EDD8523-0938-4545-AC3B-453473FA6F36}.Debug|x86.Build.0 = Debug|Win32
		{5EDD8523-0938-4545-AC3B-453473FA6F36}.Release|x64.ActiveCfg = Release|x64
		{5EDD8523-0938-4545-AC3B-453473FA6F36}.Release|x64.Build.0 = Release|x64
		{5EDD8523-0938-4545-AC3B-453473FA6F36}.Release|x86.ActiveCfg = Release|Win32
		{5EDD8523-0938-4545-AC3B-453473FA6F36}.Release|x86.Build.0 = Release|Win32
		{C165E1C4-00B2-495F-B538-CB5AA7A2838F}.Debug|x64.ActiveCfg = Debug|x64
		{C165E1C4-00B2-495F-B538-CB5AA7A2838F}.Debug|x64.Build.0 = Debug|x64
		{C165E1C4-00B2-495F-B538-CB5AA7A2838F}.Debug|x86.ActiveCfg = Debug|Win32
		{C165E1C4-00B2-495F-B538-CB5AA7A2838F}.Debug|x86.Build.0 = Debug|Win32
		{C165E1C4-00B2-495F-B538-CB5AA7A2838F}.Release|x64.ActiveCfg = Release|x64
		{C165E1C4-00B2-495F-B538-CB5AA7A2838F}.Release|x64.Build.0 = Release|x64
		{C165E1C4-00B2-495F-B538-CB5AA7A2838F}.Release|x86.ActiveCfg = Release|Win32
		{C165E1C4-00B2-495F-B538-CB5AA7A2838F}.Release|x86.Build.0 = Release|Win32
		{8BB26456-2D9E-48FA-A2E6-7DFC3CC51453}.Debug|x64.ActiveCfg = Debug|x64
		{8BB26456-2D9E-48FA-A2E6-7DFC3CC51453}.Debug|x64.Build.0 = Debug|x64
		{8BB26456-2D9E-48FA-A2E6-7DFC3CC51453}.Debug|x86.ActiveCfg = Debug|Win32
		{8BB26456-2D9E-48FA-A2E6-7DFC3CC51453}.Debug|x86.Build.0 = Debug|Win32
		{8BB26456-2D9E-48FA-A2E6-7DFC3CC51453}.Release|x64.ActiveCfg = Release|x64
		{8BB26456-2D9E-48FA-A2E6-7DFC3CC51453}.Release|x64.Build.0 = Release|x64
		{8BB26456-2D9E-48FA-A2E6-7DFC3CC51453}.Release|x86.ActiveCfg = Release|Win32
		{8BB26456-2D9E-48FA-A2E6-7DFC3CC51453}.Release|x86.Build.0 = Release|Win32
		{6F05FCED-EFB9-4B3B-8312-DB9E80474B9C}.Debug|x64.ActiveCfg = Debug|x64
		{6F05FCED-EFB9-4B3B-8312-DB9E80474B9C}.Debug|x64.Build.0 = Debug|x64
		{6F05FCED-EFB9-4B3B-8312-DB9E80474B9C}.Debug|x86.ActiveCfg = Debug|Win32
		{6F05FCED-EFB9-4B3B-8312-DB9E80474B9C}.Debug|x86.Build.0 = Debug|Win32
		{6F05FCED-EFB9-4B3B-8312-DB9E80474B9C}.Release|x64.ActiveCfg = Release|x64
		{6F05FCED-EFB9-4B3B-8312-DB9E80474B9C}.Release|x64.Build.0 = Release|x64
		{6F05FCED-EFB9-4B3B-8312-DB9E80474B9C}.Release|x86.ActiveCfg = Release|Win32
		{6F05FCED-EFB9-4B3B-8312-DB9E80474B9C}.Release|x86.Build.0 = Release|Win32
		{150185AB-74D1-465D-9DB2-8E56756FC53E}.Debug|x64.ActiveCfg = Debug|x64
		{150185AB-74D1-465D-9DB2-8E56756FC53E}.Debug|x64.Build.0 = Debug|x64
		{150185AB-74D1-465D-9DB2-8E56756FC53E}.Debug|x86.ActiveCfg = Debug|Win32
		{150185AB-74D1-465D-9DB2-8E56756FC53E}.Debug|x86.Build.0 = Debug|Win32
		{150185AB-74D1-465D-9DB2-8E56756FC53E}.Release|x64.ActiveCfg = Release|x64
		{150185AB-74D1-465D-9DB2-8E56756FC53E}.Release|x64.Build.0 = Release|x64
		{150185AB-74D1-465D-9DB2-8E56756FC53E}.Release|x86.ActiveCfg = Release|Win32
		{150185AB-74D1-465D-9DB2-8E56756FC53E}.Release|x86.Build.0 = Release|Win32
		{3423B295-F69B-4A5D-9D2D-4E9555C239D9}.Debug|x64.ActiveCfg = Debug|x64
		{3423B295-F69B-4A5D-9D2D-4E9555C239D9}.Debug|x64.Build.0 = Debug|x64
		{3423B295-F69B-4A5D-9D2D-4E9555C239D9}.Debug|x86.ActiveCfg = Debug|Win32
		{3423B295-F69B-4A5D-9D2D-4E9555C239D9}.Debug|x86.Build.0 = Debug|Win32
		{3423B295-F69B-4A5D-9D2D-4E9555C239D9}.Release|x64.ActiveCfg = Release|x64
		{3423B295-F69B-4A5D-9D2D-4E9555C239D9}.Release|x64.Build.0 = Release|x64
		{3423B295-F69B-4A5D-9D2D-4E9555C239D9}.Release|x86.ActiveCfg = Release|Win32
		{3423B295-F69B-4A5D-9D2D-4E9555C239D9}.Release|x86.Build.0 = Release|Win32
		{6FA91C50-EEBE-4109-B389-B6979274AA80}.Debug|x64.ActiveCfg = Debug|x64
		{6FA91C50-EEBE-4109-B389-B6979274AA80}.Debug|x64.Build.0 = Debug|x64
		{6FA91C50-EEBE-4109-B389-B6979274AA80}.Debug|x86.ActiveCfg = Debug|Win32
		{6FA91C50-EEBE-4109-B389-B6979274AA80}.Debug|x86.Build.0 = Debug|Win32
		{6FA91C50-EEBE-4109-B389-B6979274AA80}.Release|x64.ActiveCfg = Release|x64
		{6FA91C50-EEBE-4109-B389-B6979274AA80}.Release|x64.Build.0 = Release|x64
		{6FA91C50-EEBE-4109-B389-B6979274AA80}.Release|x86.ActiveCfg = Release|Win32
		{6FA91C50-EEBE-4109-B389-B6979274AA80}.Release|x86.Build.0 = Release|Win32
		{FF3F3E49-9A1E-4C78-B57F-405BE481F6EF}.Debug|x64.ActiveCfg = Debug|x64
		{FF3F3E49-9A1E-4C78-B57F-405BE481F6EF}.Debug|x64.Build.0 = Debug|x64
		{FF3F3E49-9A1E-4C78-B57F-405BE481F6EF}.Debug|x86.ActiveCfg = Debug|Win32
		{FF3F3E49-9A1E-4C78-B57F-405BE481F6EF}.Debug|x86.Build.0 = Debug|Win32
		{FF3F3E49-9A1E-4C78-B57F-405BE481F6EF}.Release|x64.ActiveCfg = Release|x64
		{FF3F3E49-9A1E-4C78-B57F-405BE481F6EF}.Release|x64.Build.0 = Release|x64
		{FF3F3E49-9A1E-4C78-B57F-405BE481F6EF}.Release|x86.ActiveCfg = Release|Win32
		{FF3F3E49-9A1E-4C78-B57F-405BE481F6EF}.Release|x86.Build.0 = Release|Win32
		{CDC015AD-9094-4408-9BAE-27B66F9439B5}.Debug|x64.ActiveCfg = Debug|x64
		{CDC015AD-9094-4408-9BAE-27B66F9439B5}.Debug|x64.Build.0 = Debug|x64
		{CDC015AD-9094-4408-9BAE-27B66F9439B5}.Debug|x86.ActiveCfg = Debug|Win32
		{CDC015AD-9094-4408-9BAE-27B66F9439B5}.Debug|x86.Build.0 = Debug|Win32
		{CDC015AD-9094-4408-9BAE-27B66F9439B5}.Release|x64.ActiveCfg = Release|x64
		{CDC015AD-9094-4408-9BAE-27B66F9439B5}.Release|x64.Build.0 = Release|x64
		{CDC015AD-9094-4408-9BAE-27B66F9439B5}.Release|x86.ActiveCfg = Release|Win32
		{CDC015AD-9094-4408-9BAE-27B66F9439B5}.Release|x86.Build.0 = Release|Win32
		{8D00C44D-9DC4-4E59-B2CF-1DFE1063F9D1}.Debug|x64.ActiveCfg = Debug|x64
		{8D00C44D-9DC4-4E59-B2CF-1DFE1063F9D1}.Debug|x64.Build.0 = Debug|x64
		{8D00C44D-9DC4-4E59-B2CF-1DFE1063F9D1}.Debug|x86.ActiveCfg = Debug|Win32
		{8D00C44D-9DC4-4E59-B2CF-1DFE1063F9D1}.Debug|x86.Build.0 = Debug|Win32
		{8D00C44D-9DC4-4E59-B2CF-1DFE1063F9D1}.Release|x64.ActiveCfg = Release|x64
		{8D00C44D-9DC4-4E59-B2CF-1DFE1063F9D1}.Release|x64.Build.0 = Release|x64
		{8D00C44D-9DC4-4E59-B2CF-1DFE1063F9D1}.Release|x86.ActiveCfg = Release|Win32
		{8D00C44D-9DC4-4E59-B2CF-1DFE1063F9D1}.Release|x86.Build.0 = Release|Win32
		{081B4DC3-10DE-48F5-A049-7DA6CA2AED57}.Debug|x64.ActiveCfg = Debug|x64
		{081B4DC3-10DE-48F5-A049-7DA6CA2AED57}.Debug|x64.Build.0 = Debug|x64
		{081B4DC3-10DE-48F5-A049-7DA6CA2AED57}.Debug|x86.ActiveCfg = Debug|Win32
		{081B4DC3-10DE-48F5-A049-7DA6CA2AED57}.Debug|x86.Build.0 = Debug|Win32
		{081B4DC3-10DE-48F5-A049-7DA6CA2AED57}.Release|x64.ActiveCfg = Release|x64
		{081B4DC3-10DE-48F5-A049-7DA6CA2AED57}.Release|x64.Build.0 = Release|x64
		{081B4DC3-10DE-48F5-A049-7DA6CA2AED57}.Release|x86.ActiveCfg = Release|Win32
		{081B4DC3-10DE-48F5-A049-7DA6CA2AED57}.Release|x86.Build.0 = Release|Win32
		{E70ED908-12F7-4FD0-8C54-9CD5088E16B6}.Debug|x64.ActiveCfg = Debug|x64
		{E70ED908-12F7-4FD0-8C54-9CD5088E16B6}.Debug|x64.Build.0 = Debug|x64
		{E70ED908-12F7-4FD0-8C54-9CD5088E16B6}.Debug|x86.ActiveCfg = Debug|Win32
		{E70ED908-12F7-4FD0-8C54-9CD5088E16B6}.Debug|x86.Build.0 = Debug|Win32
		{E70ED908-12F7-4FD0-8C54-9CD5088E16B6}.Release|x64.ActiveCfg = Release|x64
		{E70ED908-12F7-4FD0-8C54-9CD5088E16B6}.Release|x64.Build.0 = Release|x64
		{E70ED908-12F7-4FD0-8C54-9CD5088E16B6}.Release|x86.ActiveCfg = Release|Win32
		{E70ED908-12F7-4FD0-8C54-9CD5088E16B6}.Release|x86.Build.0 = Release|Win32
		{C31886AC-7AD2-4F2D-B040-4BB2C94E216F}.Debug|x64.ActiveCfg = Debug|x64
		{C31886AC-7AD2-4F2D-B040-4BB2C94E216F}.Debug|x64.Build.0 = Debug|x64
		{C31886AC-7AD2-4F2D-B040-4BB2C94E216F}.Debug|x86.ActiveCfg = Debug|Win32
		{C31886AC-7AD2-4F2D-B040-4BB2C94E216F}.Debug|x86.Build.0 = Debug|Win32
		{C31886AC-7AD2-4F2D-B040-4BB2C94E216F}.Release|x64.ActiveCfg = Release|x64
		{C31886AC-7AD2-4F2D-B040-4BB2C94E216F}.Release|x64.Build.0 = Release|x64
		{C31886AC-7AD2-4F2D-B040-4BB2C94E216F}.Release|x86.ActiveCfg = Release|Win32
		{C31886AC-7AD2-4F2D-B040-4BB2C94E216F}.Release|x86.Build.0 = Release|Win32
		{AB147CE4-5FD6-4DF2-8163-896C6912C83F}.Debug|x64.ActiveCfg = Debug|x64
		{AB147CE4-5FD6-4DF2-8163-896C6912C83F}.Debug|x64.Build.0 = Debug|x64
		{AB147CE4-5FD6-4DF2-8163-896C6912C83F}.Debug|x86.ActiveCfg = Debug|Win32
		{AB147CE4-5FD6-4DF2-8163-896C6912C83F}.Debug|x86.Build.0 = Debug|Win32
		{AB147CE4-5FD6-4DF2-8163-896C6912C83F}.Release|x64.ActiveCfg = Release|x64
		{AB147CE4-5FD6-4DF2-8163-896C6912C83F}.Release|x64.Build.0 = Release|x64
		{AB147CE4-5FD6-4DF2-8163-896C6912C83F}.Release|x86.ActiveCfg = Release|Win32
		{AB147CE4-5FD6-4DF2-8163-896C6912C83F}.Release|x86.Build.0 = Release|Win32
		{B23FA6FD-FA58-4B7D-9D89-1705686936AE}.Debug|x64.ActiveCfg = Debug|x64
		{B23FA6FD-FA58-4B7D-9D89-1705686936AE}.Debug|x64.Build.0 = Debug|x64
		{B23FA6FD-FA58-4B7D-9D89-1705686936AE}.Debug|x86.ActiveCfg = Debug|Win32
		{B23FA6FD-FA58-4B7D-9D89-1705686936AE}.Debug|x86.Build.0 = Debug|Win32
		{B23FA6FD-FA58-4B7D-9D89-1705686936AE}.Release|x64.ActiveCfg = Release|x64
		{B23FA6FD-FA58-4B7D-9D89-1705686936AE}.Release|x64.Build.0 = Release|x64
		{B23FA6FD-FA58-4B7D-9D89-1705686936AE}.Release|x86.ActiveCfg = Release|Win32
		{B23FA6FD-FA58-4B7D-9D89-1705686936AE}.Release|x86.Build.0 = Release|Win32
		{C291F50F-6FB6-4365-B584-6959AD4578CA}.Debug|x64.ActiveCfg = Debug|x64
		{C291F50F-6FB6-4365-B584-6959AD4578CA}.Debug|x64.Build.0 = Debug|x64
		{C291F50F-6FB6-4365-B584-6959AD4578CA}.Debug|x86.ActiveCfg = Debug|Win32
		{C291F50F-6FB6-4365-B584-6959AD4578CA}.Debug|x86.Build.0 = Debug|Win32
		{C291F50F-6FB6-4365-B584-6959AD4578CA}.Release|x64.ActiveCfg = Release|x64
		{C291F50F-6FB6-4365-B584-6959AD4578CA}.Release|x64.Build.0 = Release|x64
		{C291F50F-6FB6-4365-B584-6959AD4578CA}.Release|x86.ActiveCfg = Release|Win32
		{C291F50F-6FB6-4365-B584-6959AD4578CA}.Release|x86.Build.0 = Release|Win32
		{1F7BE6A9-DB08-4298-9DB8-AD7736919F90}.Debug|x64.ActiveCfg = Debug|x64
		{1F7BE6A9-DB08-4298-9DB8-AD7736919F90}.Debug|x64.Build.0 = Debug|x64
		{1F7BE6A9-DB08-4298-9DB8-AD7736919F90}.Debug|x86.ActiveCfg = Debug|Win32
		{1F7BE6A9-DB08-4298-9DB8-AD7736919F90}.Debug|x86.Build.0 = Debug|Win32
		{1F7BE6A9-DB08-4298-9DB8-AD7736919F90}.Release|x64.ActiveCfg = Release|x64
		{1F7BE6A9-DB08-4298-9DB8-AD7736919F90}.Release|x64.Build.0 = Release|x64
		{1F7BE6A9-DB08-4298-9DB8-AD7736919F90}.Release|x86.ActiveCfg = Release|Win32
		{1F7BE6A9-DB08-4298-9DB8-AD7736919F90}.Release|x86.Build.0 = Release|Win32
		{AA789F95-3CC8-4EDD-903B-571E9A04565B}.Debug|x64.ActiveCfg = Debug|x64
		{AA789F95-3CC8-4EDD-903B-571E9A04565B}.Debug|x64.Build.0 = Debug|x64
		{AA789F95-3CC8-4EDD-903B-571E9A04565B}.Debug|x86.ActiveCfg = Debug|Win32
		{AA789F95-3CC8-4EDD-903B-571E9A04565B}.Debug|x86.Build.0 = Debug|Win32
		{AA789F95-3CC8-4EDD-903B-571E9A04565B}.Release|x64.ActiveCfg = Release|x64
		{AA789F95-3CC8-4EDD-903B-571E9A04565B}.Release|x64.Build.0 = Release|x64
		{AA789F95-3CC8-4EDD-903B-571E9A04565B}.Release|x86.ActiveCfg = Release|Win32
		{AA789F95-3CC8-4EDD-903B-571E9A04565B}.Release|x86.Build.0 = Release|Win32
		{CB5FAB20-C4AF-4D54-9378-1F25F1C3BC3B}.Debug|x64.ActiveCfg = Debug|x64
		{CB5FAB20-C4AF-4D54-9378-1F25F1C3BC3B}.Debug|x64.Build.0 = Debug|x64
		{CB5FAB20-C4AF-4D54-9378-1F25F1C3BC3B}.Debug|x86.ActiveCfg = Debug|Win32
		{CB5FAB20-C4AF-4D54-9378-1F25F1C3BC3B}.Debug|x86.Build.0 = Debug|Win32
		{CB5FAB20-C4AF-4D54-9378-1F25F1C3BC3B}.Release|x64.ActiveCfg = Release|x64
		{CB5FAB20-C4AF-4D54-9378-1F25F1C3BC3B}.Release|x64.Build.0 = Release|x64
		{CB5FAB20-C4AF-4D54-9378-1F25F1C3BC3B}.Release|x86.ActiveCfg = Release|Win32
		{CB5FAB20-C4AF-4D54-9378-1F25F1C3BC3B}.Release|x86.Build.0 = Release|Win32
		{658B7ED8-C11D-4E65-B3DE-1B1205871CFB}.Debug|x64.ActiveCfg = Debug|x64
		{658B7ED8-C11D-4E65-B3DE-1B1205871CFB}.Debug|x64.Build.0 = Debug|x64
		{658B7ED8-C11D-4E65-B3DE-1B1205871CFB}.Debug|x86.ActiveCfg = Debug|Win32
		{658B7ED8-C11D-4E65-B3DE-1B1205871CFB}.Debug|x86.Build.0 = Debug|Win32
		{658B7ED8-C11D-4E65-B3DE-1B1205871CFB}.Release|x64.ActiveCfg = Release|x64
		{658B7ED8-C11D-4E65-B3DE-1B1205871CFB}.Release|x64.Build.0 = Release|x64
		{658B7ED8-C11D-4E65-B3DE-1B1205871CFB}.Release|x86.ActiveCfg = Release|Win32
		{658B7ED8-C11D-4E65-B3DE-1B1205871CFB}.Release|x86.Build.0 = Release|Win32
		{C71B4836-0D58-46EA-BD89-04721544190F}.Debug|x64.ActiveCfg = Debug|x64
		{C71B4836-0D58-46EA-BD89-04721544190F}.Debug|x64.Build.0 = Debug|x64
		{C71B4836-0D58-46EA-BD89-04721544190F}.Debug|x86.ActiveCfg = Debug|Win32
		{C71B4836-0D58-46EA-BD89-04721544190F}.Debug|x86.Build.0 = Debug|Win32
		{C71B4836-0D58-46EA-BD89-04721544190F}.Release|x64.ActiveCfg = Release|x64
		{C71B4836-0D58-46EA-BD89-04721544190F}.Release|x64.Build.0 = Release|x64
		{C71B4836-0D58-46EA-BD89-04721544190F}.Release|x86.ActiveCfg = Release|Win32
		{C71B4836-0D58-46EA-BD89-04721544190F}.Release|x86.Build.0 = Release|Win32
		{9BF41006-32D6-414C-AEA0-E7D6A95ECADC}.Debug|x64.ActiveCfg = Debug|x64
		{9BF41006-32D6-414C-AEA0-E7D6A95ECADC}.Debug|x64.Build.0 = Debug|x64
		{9BF41006-32D6-414C-AEA0-E7D6A95ECADC}.Debug|x86.ActiveCfg = Debug|Win32
		{9BF41006-32D6-414C-AEA0-E7D6A95ECADC}.Debug|x86.Build.0 = Debug|Win32
		{9BF41006-32D6-414C-AEA0-E7D6A95ECADC}.Release|x64.ActiveCfg = Release|x64
		{9BF41006-32D6-414C-AEA0-E7D6A95ECADC}.Release|x64.Build.0 = Release|x64
		{9BF41006-32D6-414C-AEA0-E7D6A95ECADC}.Release|x86.ActiveCfg = Release|Win32
		{9BF41006-32D6-414C-AEA0-E7D6A95ECADC}.Release|x86.Build.0 = Release|Win32
		{3B7280A7-4170-4980-9DC5-214320ABF0AE}.Debug|x64.ActiveCfg = Debug|x64
		{3B7280A7-4170-4980-9DC5-214320ABF0AE}.Debug|x64.Build.0 = Debug|x64
		{3B7280A7-4170-4980-9DC5-214320ABF0AE}.Debug|x86.ActiveCfg = Debug|Win32
		{3B7280A7-4170-4980-9DC5-214320ABF0AE}.Debug|x86.Build.0 = Debug|Win32
		{3B7280A7-4170-4980-9DC5-214320ABF0AE}.Release|x64.ActiveCfg = Release|x64
		{3B7280A7-4170-4980-9DC5-214320ABF0AE}.Release|x64.Build.0 = Release|x64
		{3B7280A7-4170-4980-9DC5-214320ABF0AE}.Release|x86.ActiveCfg = Release|Win32
		{3B7280A7-4170-4980-9DC5-214320ABF0AE}.Release|x86.Build.0 = Release|Win32
		{2DF6D0E6-B8EB-43CA-A458-195C5A012F1E}.Debug|x64.ActiveCfg = Debug|x64
		{2DF6D0E6-B8EB-43CA-A458-195C5A012F1E}.Debug|x64.Build.0 = Debug|x64
		{2DF6D0E6-B8EB-43CA-A458-195C5A012F1E}.Debug|x86.ActiveCfg = Debug|Win32
		{2DF6D0E6-B8EB-43CA-A458-195C5A012F1E}.Debug|x86.Build.0 = Debug|Win32
		{2DF6D0E6-B8EB-43CA-A458-195C5A012F1E}.Release|x64.ActiveCfg = Release|x64
		{2DF6D0E6-B8EB-43CA-A458-195C5A012F1E}.Release|x64.Build.0 = Release|x64
		{2DF6D0E6-B8EB-43CA-A458-195C5A012F1E}.Release|x86.ActiveCfg = Release|Win32
		{2DF6D0E6-B8EB-43CA-A458-195C5A012F1E}.Release|x86.Build.0 = Release|Win32
		{82DBFCE3-5FEE-43C7-B043-36412B0DC551}.Debug|x64.ActiveCfg = Debug|x64
		{82DBFCE3-5FEE-43C7-B043-36412B0DC551}.Debug|x64.Build.0 = Debug|x64
		{82DBFCE3-5FEE-43C7-B043-36412B0DC551}.Debug|x86.ActiveCfg = Debug|Win32
		{82DBFCE3-5FEE-43C7-B043-36412B0DC551}.Debug|x86.Build.0 = Debug|Win32
		{82DBFCE3-5FEE-43C7-B043-36412B0DC551}.Release|x64.ActiveCfg = Release|x64
		{82DBFCE3-5FEE-43C7-B043-36412B0DC551}.Release|x64.Build.0 = Release|x64
		{82DBFCE3-5FEE-43C7-B043-36412B0DC551}.Release|x86.ActiveCfg = Release|Win32
		{82DBFCE3-5FEE-43C7-B043-36412B0DC551}.Release|x86.Build.0 = Release|Win32
		{46FF136C-3B0A-404E-84F8-9F8409A85840}.Debug|x64.ActiveCfg = Debug|x64
		{46FF136C-3B0A-404E-84F8-9F8409A85840}.Debug|x64.Build.0 = Debug|x64
		{46FF136C-3B0A-404E-84F8-9F8409A85840}.Debug|x86.ActiveCfg = Debug|Win32
		{46FF136C-3B0A-404E-84F8-9F8409A85840}.Debug|x86.Build.0 = Debug|Win32
		{46FF136C-3B0A-404E-84F8-9F8409A85840}.Release|x64.ActiveCfg = Release|x64
		{46FF136C-3B0A-404E-84F8-9F8409A85840}.Release|x64.Build.0 = Release|x64
		{46FF136C-3B0A-404E-84F8-9F8409A85840}.Release|x86.ActiveCfg = Release|Win32
		{46FF136C-3B0A-404E-84F8-9F8409A85840}.Release|x86.Build.0 = Release|Win32
		{87D70937-DB79-410A-A064-352005409C1E}.Debug|x64.ActiveCfg = Debug|x64
		{87D70937-DB79-410A-A064-352005409C1E}.Debug|x64.Build.0 = Debug|x64
		{87D70937-DB79-410A-A064-352005409C1E}.Debug|x86.ActiveCfg = Debug|Win32
		{87D70937-DB79-410A-A064-352005409C1E}.Debug|x86.Build.0 = Debug|Win32
		{87D70937-DB79-410A-A064-352005409C1E}.Release|x64.ActiveCfg = Release|x64
		{87D70937-DB79-410A-A064-352005409C1E}.Release|x64.Build.0 = Release|x64
		{87D70937-DB79-410A-A064-352005409C1E}.Release|x86.ActiveCfg = Release|Win32
		{87D70937-DB79-410A-A064-352005409C1E}.Release|x86.Build.0 = Release|Win32
		{91921B4D-0BAB-40E4-B111-24A240ED24D9}.Debug|x64.ActiveCfg = Debug|x64
		{91921B4D-0BAB-40E4-B111-24A240ED24D9}.Debug|x64.Build.0 = Debug|x64
		{91921B4D-0BAB-40E4-B111-24A240ED24D9}.Debug|x86.ActiveCfg = Debug|Win32
		{91921B4D-0BAB-40E4-B111-24A240ED24D9}.Debug|x86.Build.0 = Debug|Win32
		{91921B4D-0BAB-40E4-B111-24A240ED24D9}.Release|x64.ActiveCfg = Release|x64
		{91921B4D-0BAB-40E4-B111-24A240ED24D9}.Release|x64.Build.0 = Release|x64
		{91921B4D-0BAB-40E4-B111-24A240ED24D9}.Release|x86.ActiveCfg = Release|Win32
		{91921B4D-0BAB-40E4-B111-24A240ED24D9}.Release|x86.Build.0 = Release|Win32
		{6FA96535-C950-42E0-ACB4-6339E3DE4923}.Debug|x64.ActiveCfg = Debug|x64
		{6FA96535-C950-42E0-ACB4-6339E3DE4923}.Debug|x64.Build.0 = Debug|x64
		{6FA96535-C950-42E0-ACB4-6339E3DE4923}.Debug|x86.ActiveCfg = Debug|Win32
		{6FA96535-C950-42E0-ACB4-6339E3DE4923}.Debug|x86.Build.0 = Debug|Win32
		{6FA96535-C950-42E0-ACB4-6339E3DE4923}.Release|x64.ActiveCfg = Release|x64
		{6FA96535-C950-42E0-ACB4-6339E3DE4923}.Release|x64.Build.0 = Release|x64
		{6FA96535-C950-42E0-ACB4-6339E3DE4923}.Release|x86.ActiveCfg = Release|Win32
		{6FA96535-C950-42E0-ACB4-6339E3DE4923}.Release|x86.Build.0 = Release|Win32
		{104B3023-DF79-4BD9-A3C6-32EFDF7F0F7A}.Debug|x64.ActiveCfg = Debug|x64
		{104B3023-DF79-4BD9-A3C6-32EFDF7F0F7A}.Debug|x64.Build.0 = Debug|x64
		{104B3023-DF79-4BD9-A3C6-32EFDF7F0F7A}.Debug|x86.ActiveCfg = Debug|Win32
		{104B3023-DF79-4BD9-A3C6-32EFDF7F0F7A}.Debug|x86.Build.0 = Debug|Win32
		{104B3023-DF79-4BD9-A3C6-32EFDF7F0F7A}.Release|x64.ActiveCfg = Release|x64
		{104B3023-DF79-4BD9-A3C6-32EFDF7F0F7A}.Release|x64.Build.0 = Release|x64
		{104B3023-DF79-4BD9-A3C6-32EFDF7F0F7A}.Release|x86.ActiveCfg = Release|Win32
		{104B3023-DF79-4BD9-A3C6-32EFDF7F0F7A}.Release|x86.Build.0 = Release|Win32
		{918E2C36-F8FC-48C9-98B8-FC9F66895A4B}.Debug|x64.ActiveCfg = Debug|x64
		{918E2C36-F8FC-48C9-98B8-FC9F66895A4B}.Debug|x64.Build.0 = Debug|x64
		{918E2C36-F8FC-48C9-98B8-FC9F66895A4B}.Debug|x86.ActiveCfg = Debug|Win32
		{918E2C36-F8FC-48C9-98B8-FC9F66895A4B}.Debug|x86.Build.0 = Debug|Win32
		{918E2C36-F8FC-48C9-98B8-FC9F66895A4B}.Release|x64.ActiveCfg = Release|x64
		{918E2C36-F8FC-48C9-98B8-FC9F66895A4B}.Release|x64.Build.0 = Release|x64
		{918E2C36-F8FC-48C9-98B8-FC9F66895A4B}.Release|x86.ActiveCfg = Release|Win32
		{918E2C36-F8FC-48C9-98B8-FC9F66895A4B}.Release|x86.Build.0 = Release|Win32
		{A6C3E619-A4BC-4B01-9B9B-109545C35D1A}.Debug|x64.ActiveCfg = Debug|x64
		{A6C3E619-A4BC-4B01-9B9B-109545C35D1A}.Debug|x64.Build.0 = Debug|x64
		{A6C3E619-A4BC-4B01-9B9B-109545C35D1A}.Debug|x86.ActiveCfg = Debug|Win32
		{A6C3E619-A4BC-4B01-9B9B-109545C35D1A}.Debug|x86.Build.0 = Debug|Win32
		{A6C3E619-A4BC-4B01-9B9B-109545C35D1A}.Release|x64.ActiveCfg = Release|x64
		{A6C3E619-A4BC-4B01-9B9B-109545C35D1A}.Release|x64.Build.0 = Release|x64
		{A6C3E619-A4BC-4B01-9B9B-109545C35D1A}.Release|x86.ActiveCfg = Release|Win32
		{A6C3E619-A4BC-4B01-9B9B-109545C35D1A}.Release|x86.Build.0 = Release|Win32
		{4C56EA8F-6C0E-4CD4-8E79-BFDE39973D53}.Debug|x64.ActiveCfg = Debug|x64
		{4C56EA8F-6C0E-4CD4-8E79-BFDE39973D53}.Debug|x64.Build.0 = Debug|x64
		{4C56EA8F-6C0E-4CD4-8E79-BFDE39973D53}.Debug|x86.ActiveCfg = Debug|Win32
		{4C56EA8F-6C0E-4CD4-8E79-BFDE39973D53}.Debug|x86.Build.0 = Debug|Win32
		{4C56EA8F-6C0E-4CD4-8E79-BFDE39973D53}.Release|x64.ActiveCfg = Release|x64
		{4C56EA8F-6C0E-4CD4-8E79-BFDE39973D53}.Release|x64.Build.0 = Release|x64
		{4C56EA8F-6C0E-4CD4-8E79-BFDE39973D53}.Release|x86.ActiveCfg = Release|Win32
		{4C56EA8F-6C0E-4CD4-8E79-BFDE39973D53}.Release|x86.Build.0 = Release|Win32
		{C40430B5-5437-4C2D-B2D7-9640564911F9}.Debug|x64.ActiveCfg = Debug|x64
		{C40430B5-5437-4C2D-B2D7-9640564911F9}.Debug|x64.Build.0 = Debug|x64
		{C40430B5-5437-4C2D-B2D7-9640564911F9}.Debug|x86.ActiveCfg = Debug|Win32
		{C40430B5-5437-4C2D-B2D7-9640564911F9}.Debug|x86.Build.0 = Debug|Win32
		{C40430B5-5437-4C2D-B2D7-9640564911F9}.Release|x64.ActiveCfg = Release|x64
		{C40430B5-5437-4C2D-B2D7-9640564911F9}.Release|x64.Build.0 = Release|x64
		{C40430B5-5437-4C2D-B2D7-9640564911F9}.Release|x86.ActiveCfg = Release|Win32
		{C40430B5-5437-4C2D-B2D7-9640564911F9}.Release|x86.Build.0 = Release|Win32
		{97C41683-8FF0-4D4C-9EEA-5BC13BE2AB91}.Debug|x64.ActiveCfg = Debug|x64
		{97C41683-8FF0-4D4C-9EEA-5BC13BE2AB91}.Debug|x64.Build.0 = Debug|x64
		{97C41683-8FF0-4D4C-9EEA-5BC13BE2AB91}.Debug|x86.ActiveCfg = Debug|Win32
		{97C41683-8FF0-4D4C-9EEA-5BC13BE2AB91}.Debug|x86.Build.0 = Debug|Win32
		{97C41683-8FF0-4D4C-9EEA-5BC13BE2AB91}.Release|x64.ActiveCfg = Release|x64
		{97C41683-8FF0-4D4C-9EEA-5BC13BE2AB91}.Release|x64.Build.0 = Release|x64
		{97C41683-8FF0-4D4C-9EEA-5BC13BE2AB91}.Release|x86.ActiveCfg = Release|Win32
		{97C41683-8FF0-4D4C-9EEA-5BC13BE2AB91}.Release|x86.Build.0 = Release|Win32
		{46DA3AFB-5B98-4239-934E-8B60F3C834B2}.Debug|x64.ActiveCfg = Debug|x64
		{46DA3AFB-5B98-4239-934E-8B60F3C834B2}.Debug|x64.Build.0 = Debug|x64
		{46DA3AFB-5B98-4239-934E-8B60F3C834B2}.Debug|x86.ActiveCfg = Debug|Win32
		{46DA3AFB-5B98-4239-934E-8B60F3C834B2}.Debug|x86.Build.0 = Debug|Win32
		{46DA3AFB-5B98-4239-934E-8B60F3C834B2}.Release|x64.ActiveCfg = Release|x64
		{46DA3AFB-5B98-4239-934E-8B60F3C834B2}.Release|x64.Build.0 = Release|x64
		{46DA3AFB-5B98-4239-934E-8B60F3C834B2}.Release|x86.ActiveCfg = Release|Win32
		{46DA3AFB-5B98-4239-934E-8B60F3C834B2}.Release|x86.Build.0 = Release|Win32
		{C745CED6-F6FC-4375-B414-D4FE8B9DE8C6}.Debug|x64.ActiveCfg = Debug|x64
		{C745CED6-F6FC-4375-B414-D4FE8B9DE8C6}.Debug|x64.Build.0 = Debug|x64
		{C745CED6-F6FC-4375-B414-D4FE8B9DE8C6}.Debug|x86.ActiveCfg = Debug|Win32
		{C745CED6-F6FC-4375-B414-D4FE8B9DE8C6}.Debug|x86.Build.0 = Debug|Win32
		{C745CED6-F6FC-4375-B414-D4FE8B9DE8C6}.Release|x64.ActiveCfg = Release|x64
		{C745CED6-F6FC-4375-B414-D4FE8B9DE8C6}.Release|x64.Build.0 = Release|x64
		{C745CED6-F6FC-4375-B414-D4FE8B9DE8C6}.Release|x86.ActiveCfg = Release|Win32
		{C745CED6-F6FC-4375-B414-D4FE8B9DE8C6}.Release|x86.Build.0 = Release|Win32
		{14A9BC50-9EB2-4B72-B868-7B471CDB9CFE}.Debug|x64.ActiveCfg = Debug|x64
		{14A9BC50-9EB2-4B72-B868-7B471CDB9CFE}.Debug|x64.Build.0 = Debug|x64
		{14A9BC50-9EB2-4B72-B868-7B471CDB9CFE}.Debug|x86.ActiveCfg = Debug|Win32
		{14A9BC50-9EB2-4B72-B868-7B471CDB9CFE}.Debug|x86.Build.0 = Debug|Win32
		{14A9BC50-9EB2-4B72-B868-7B471CDB9CFE}.Release|x64.ActiveCfg = Release|x64
		{14A9BC50-9EB2-4B72-B868-7B471CDB9CFE}.Release|x64.Build.0 = Release|x64
		{14A9BC50-9EB2-4B72-B868-7B471CDB9CFE}.Release|x86.ActiveCfg = Release|Win32
		{14A9BC50-9EB2-4B72-B868-7B471CDB9CFE}.Release|x86.Build.0 = Release|Win32
	EndGlobalSection
	GlobalSection(SolutionProperties) = preSolution
		HideSolutionNode = FALSE
	EndGlobalSection
	GlobalSection(ExtensibilityGlobals) = postSolution
		SolutionGuid = {9431F24F-8C47-4C1B-8471-E416E6462C25}
	EndGlobalSection
EndGlobal
