
Microsoft Visual Studio Solution File, Format Version 12.00
# Visual Studio 15
VisualStudioVersion = 15.0.28307.271
MinimumVisualStudioVersion = 10.0.40219.1
Project("{8BC9CEB8-8B4A-11D0-8D11-00A0C91BC942}") = "BJ16985_Maaaaaaaaaze", "BJ16985_Maaaaaaaaaze\BJ16985_Maaaaaaaaaze.vcxproj", "{46FF136C-3B0A-404E-84F8-9F8409A85840}"
EndProject
Project("{8BC9CEB8-8B4A-11D0-8D11-00A0C91BC942}") = "BJ10273_AncientCaveExploration", "BJ10273_AncientCaveExploration\BJ10273_AncientCaveExploration.vcxproj", "{9712AB2A-099E-44D8-A818-33484AF49E8A}"
EndProject
Project("{8BC9CEB8-8B4A-11D0-8D11-00A0C91BC942}") = "BJ2842_PostOfficer", "BJ2842_PostOfficer\BJ2842_PostOfficer.vcxproj", "{E7F9E33B-59C1-40C7-8CE3-768BA88BA56E}"
EndProject
Global
	GlobalSection(SolutionConfigurationPlatforms) = preSolution
		Debug|x64 = Debug|x64
		Debug|x86 = Debug|x86
		Release|x64 = Release|x64
		Release|x86 = Release|x86
	EndGlobalSection
	GlobalSection(ProjectConfigurationPlatforms) = postSolution
		{46FF136C-3B0A-404E-84F8-9F8409A85840}.Debug|x64.ActiveCfg = Debug|x64
		{46FF136C-3B0A-404E-84F8-9F8409A85840}.Debug|x64.Build.0 = Debug|x64
		{46FF136C-3B0A-404E-84F8-9F8409A85840}.Debug|x86.ActiveCfg = Debug|Win32
		{46FF136C-3B0A-404E-84F8-9F8409A85840}.Debug|x86.Build.0 = Debug|Win32
		{46FF136C-3B0A-404E-84F8-9F8409A85840}.Release|x64.ActiveCfg = Release|x64
		{46FF136C-3B0A-404E-84F8-9F8409A85840}.Release|x64.Build.0 = Release|x64
		{46FF136C-3B0A-404E-84F8-9F8409A85840}.Release|x86.ActiveCfg = Release|Win32
		{46FF136C-3B0A-404E-84F8-9F8409A85840}.Release|x86.Build.0 = Release|Win32
		{9712AB2A-099E-44D8-A818-33484AF49E8A}.Debug|x64.ActiveCfg = Debug|x64
		{9712AB2A-099E-44D8-A818-33484AF49E8A}.Debug|x64.Build.0 = Debug|x64
		{9712AB2A-099E-44D8-A818-33484AF49E8A}.Debug|x86.ActiveCfg = Debug|Win32
		{9712AB2A-099E-44D8-A818-33484AF49E8A}.Debug|x86.Build.0 = Debug|Win32
		{9712AB2A-099E-44D8-A818-33484AF49E8A}.Release|x64.ActiveCfg = Release|x64
		{9712AB2A-099E-44D8-A818-33484AF49E8A}.Release|x64.Build.0 = Release|x64
		{9712AB2A-099E-44D8-A818-33484AF49E8A}.Release|x86.ActiveCfg = Release|Win32
		{9712AB2A-099E-44D8-A818-33484AF49E8A}.Release|x86.Build.0 = Release|Win32
		{E7F9E33B-59C1-40C7-8CE3-768BA88BA56E}.Debug|x64.ActiveCfg = Debug|x64
		{E7F9E33B-59C1-40C7-8CE3-768BA88BA56E}.Debug|x64.Build.0 = Debug|x64
		{E7F9E33B-59C1-40C7-8CE3-768BA88BA56E}.Debug|x86.ActiveCfg = Debug|Win32
		{E7F9E33B-59C1-40C7-8CE3-768BA88BA56E}.Debug|x86.Build.0 = Debug|Win32
		{E7F9E33B-59C1-40C7-8CE3-768BA88BA56E}.Release|x64.ActiveCfg = Release|x64
		{E7F9E33B-59C1-40C7-8CE3-768BA88BA56E}.Release|x64.Build.0 = Release|x64
		{E7F9E33B-59C1-40C7-8CE3-768BA88BA56E}.Release|x86.ActiveCfg = Release|Win32
		{E7F9E33B-59C1-40C7-8CE3-768BA88BA56E}.Release|x86.Build.0 = Release|Win32
	EndGlobalSection
	GlobalSection(SolutionProperties) = preSolution
		HideSolutionNode = FALSE
	EndGlobalSection
	GlobalSection(ExtensibilityGlobals) = postSolution
		SolutionGuid = {9431F24F-8C47-4C1B-8471-E416E6462C25}
	EndGlobalSection
EndGlobal
